
Microsoft Visual Studio Solution File, Format Version 12.00
# Visual Studio Version 16
VisualStudioVersion = 16.0.30907.101
MinimumVisualStudioVersion = 10.0.40219.1
Project("{FAE04EC0-301F-11D3-BF4B-00C04F79EFBC}") = "ReCapDemo1", "ReCapDemo1\ReCapDemo1.csproj", "{36D9EC47-E99A-4179-B707-995387A74B6F}"
EndProject
Global
	GlobalSection(SolutionConfigurationPlatforms) = preSolution
		Debug|Any CPU = Debug|Any CPU
		Release|Any CPU = Release|Any CPU
	EndGlobalSection
	GlobalSection(ProjectConfigurationPlatforms) = postSolution
		{36D9EC47-E99A-4179-B707-995387A74B6F}.Debug|Any CPU.ActiveCfg = Debug|Any CPU
		{36D9EC47-E99A-4179-B707-995387A74B6F}.Debug|Any CPU.Build.0 = Debug|Any CPU
		{36D9EC47-E99A-4179-B707-995387A74B6F}.Release|Any CPU.ActiveCfg = Release|Any CPU
		{36D9EC47-E99A-4179-B707-995387A74B6F}.Release|Any CPU.Build.0 = Release|Any CPU
	EndGlobalSection
	GlobalSection(SolutionProperties) = preSolution
		HideSolutionNode = FALSE
	EndGlobalSection
	GlobalSection(ExtensibilityGlobals) = postSolution
		SolutionGuid = {CAC6AA14-2DC4-49E8-ABFA-E0F343139076}
	EndGlobalSection
EndGlobal
